
Microsoft Visual Studio Solution File, Format Version 12.00
# Visual Studio Version 17
VisualStudioVersion = 17.1.32328.378
MinimumVisualStudioVersion = 10.0.40219.1
Project("{FAE04EC0-301F-11D3-BF4B-00C04F79EFBC}") = "ConsoleApp2", "ConsoleApp2\ConsoleApp2.csproj", "{CD7491C2-8A56-4102-9A56-993AD1D8F893}"
EndProject
Global
	GlobalSection(SolutionConfigurationPlatforms) = preSolution
		Debug|Any CPU = Debug|Any CPU
		Release|Any CPU = Release|Any CPU
	EndGlobalSection
	GlobalSection(ProjectConfigurationPlatforms) = postSolution
		{CD7491C2-8A56-4102-9A56-993AD1D8F893}.Debug|Any CPU.ActiveCfg = Debug|Any CPU
		{CD7491C2-8A56-4102-9A56-993AD1D8F893}.Debug|Any CPU.Build.0 = Debug|Any CPU
		{CD7491C2-8A56-4102-9A56-993AD1D8F893}.Release|Any CPU.ActiveCfg = Release|Any CPU
		{CD7491C2-8A56-4102-9A56-993AD1D8F893}.Release|Any CPU.Build.0 = Release|Any CPU
	EndGlobalSection
	GlobalSection(SolutionProperties) = preSolution
		HideSolutionNode = FALSE
	EndGlobalSection
	GlobalSection(ExtensibilityGlobals) = postSolution
		SolutionGuid = {40B99AC2-8347-48E9-8166-52971B69719D}
	EndGlobalSection
EndGlobal
